// !$*UTF8*$!
{
	archiveVersion = 1;
	classes = {
	};
	objectVersion = 46;
	objects = {

/* Begin PBXBuildFile section */
		98CC502A1F784E880038569B /* AppDelegate.swift in Sources */ = {isa = PBXBuildFile; fileRef = 98CC50291F784E880038569B /* AppDelegate.swift */; };
		98CC502C1F784E880038569B /* ViewController.swift in Sources */ = {isa = PBXBuildFile; fileRef = 98CC502B1F784E880038569B /* ViewController.swift */; };
		98CC502F1F784E880038569B /* Main.storyboard in Resources */ = {isa = PBXBuildFile; fileRef = 98CC502D1F784E880038569B /* Main.storyboard */; };
		98CC50311F784E880038569B /* Assets.xcassets in Resources */ = {isa = PBXBuildFile; fileRef = 98CC50301F784E880038569B /* Assets.xcassets */; };
		98CC50341F784E880038569B /* LaunchScreen.storyboard in Resources */ = {isa = PBXBuildFile; fileRef = 98CC50321F784E880038569B /* LaunchScreen.storyboard */; };
		98CC503F1F784E880038569B /* MGoBetterTests.swift in Sources */ = {isa = PBXBuildFile; fileRef = 98CC503E1F784E880038569B /* MGoBetterTests.swift */; };
		98CC504A1F784E880038569B /* MGoBetterUITests.swift in Sources */ = {isa = PBXBuildFile; fileRef = 98CC50491F784E880038569B /* MGoBetterUITests.swift */; };
/* End PBXBuildFile section */

/* Begin PBXContainerItemProxy section */
		98CC503B1F784E880038569B /* PBXContainerItemProxy */ = {
			isa = PBXContainerItemProxy;
			containerPortal = 98CC501E1F784E880038569B /* Project object */;
			proxyType = 1;
			remoteGlobalIDString = 98CC50251F784E880038569B;
			remoteInfo = MGoBetter;
		};
		98CC50461F784E880038569B /* PBXContainerItemProxy */ = {
			isa = PBXContainerItemProxy;
			containerPortal = 98CC501E1F784E880038569B /* Project object */;
			proxyType = 1;
			remoteGlobalIDString = 98CC50251F784E880038569B;
			remoteInfo = MGoBetter;
		};
/* End PBXContainerItemProxy section */

/* Begin PBXFileReference section */
		98CC50261F784E880038569B /* MGoBetter.app */ = {isa = PBXFileReference; explicitFileType = wrapper.application; includeInIndex = 0; path = MGoBetter.app; sourceTree = BUILT_PRODUCTS_DIR; };
		98CC50291F784E880038569B /* AppDelegate.swift */ = {isa = PBXFileReference; lastKnownFileType = sourcecode.swift; path = AppDelegate.swift; sourceTree = "<group>"; };
		98CC502B1F784E880038569B /* ViewController.swift */ = {isa = PBXFileReference; lastKnownFileType = sourcecode.swift; path = ViewController.swift; sourceTree = "<group>"; };
		98CC502E1F784E880038569B /* Base */ = {isa = PBXFileReference; lastKnownFileType = file.storyboard; name = Base; path = Base.lproj/Main.storyboard; sourceTree = "<group>"; };
		98CC50301F784E880038569B /* Assets.xcassets */ = {isa = PBXFileReference; lastKnownFileType = folder.assetcatalog; path = Assets.xcassets; sourceTree = "<group>"; };
		98CC50331F784E880038569B /* Base */ = {isa = PBXFileReference; lastKnownFileType = file.storyboard; name = Base; path = Base.lproj/LaunchScreen.storyboard; sourceTree = "<group>"; };
		98CC50351F784E880038569B /* Info.plist */ = {isa = PBXFileReference; lastKnownFileType = text.plist.xml; path = Info.plist; sourceTree = "<group>"; };
		98CC503A1F784E880038569B /* MGoBetterTests.xctest */ = {isa = PBXFileReference; explicitFileType = wrapper.cfbundle; includeInIndex = 0; path = MGoBetterTests.xctest; sourceTree = BUILT_PRODUCTS_DIR; };
		98CC503E1F784E880038569B /* MGoBetterTests.swift */ = {isa = PBXFileReference; lastKnownFileType = sourcecode.swift; path = MGoBetterTests.swift; sourceTree = "<group>"; };
		98CC50401F784E880038569B /* Info.plist */ = {isa = PBXFileReference; lastKnownFileType = text.plist.xml; path = Info.plist; sourceTree = "<group>"; };
		98CC50451F784E880038569B /* MGoBetterUITests.xctest */ = {isa = PBXFileReference; explicitFileType = wrapper.cfbundle; includeInIndex = 0; path = MGoBetterUITests.xctest; sourceTree = BUILT_PRODUCTS_DIR; };
		98CC50491F784E880038569B /* MGoBetterUITests.swift */ = {isa = PBXFileReference; lastKnownFileType = sourcecode.swift; path = MGoBetterUITests.swift; sourceTree = "<group>"; };
		98CC504B1F784E880038569B /* Info.plist */ = {isa = PBXFileReference; lastKnownFileType = text.plist.xml; path = Info.plist; sourceTree = "<group>"; };
/* End PBXFileReference section */

/* Begin PBXFrameworksBuildPhase section */
		98CC50231F784E880038569B /* Frameworks */ = {
			isa = PBXFrameworksBuildPhase;
			buildActionMask = 2147483647;
			files = (
			);
			runOnlyForDeploymentPostprocessing = 0;
		};
		98CC50371F784E880038569B /* Frameworks */ = {
			isa = PBXFrameworksBuildPhase;
			buildActionMask = 2147483647;
			files = (
			);
			runOnlyForDeploymentPostprocessing = 0;
		};
		98CC50421F784E880038569B /* Frameworks */ = {
			isa = PBXFrameworksBuildPhase;
			buildActionMask = 2147483647;
			files = (
			);
			runOnlyForDeploymentPostprocessing = 0;
		};
/* End PBXFrameworksBuildPhase section */

/* Begin PBXGroup section */
		98CC501D1F784E880038569B = {
			isa = PBXGroup;
			children = (
				98CC50281F784E880038569B /* MGoBetter */,
				98CC503D1F784E880038569B /* MGoBetterTests */,
				98CC50481F784E880038569B /* MGoBetterUITests */,
				98CC50271F784E880038569B /* Products */,
			);
			sourceTree = "<group>";
		};
		98CC50271F784E880038569B /* Products */ = {
			isa = PBXGroup;
			children = (
				98CC50261F784E880038569B /* MGoBetter.app */,
				98CC503A1F784E880038569B /* MGoBetterTests.xctest */,
				98CC50451F784E880038569B /* MGoBetterUITests.xctest */,
			);
			name = Products;
			sourceTree = "<group>";
		};
		98CC50281F784E880038569B /* MGoBetter */ = {
			isa = PBXGroup;
			children = (
				98CC50291F784E880038569B /* AppDelegate.swift */,
				98CC502B1F784E880038569B /* ViewController.swift */,
				98CC502D1F784E880038569B /* Main.storyboard */,
				98CC50301F784E880038569B /* Assets.xcassets */,
				98CC50321F784E880038569B /* LaunchScreen.storyboard */,
				98CC50351F784E880038569B /* Info.plist */,
			);
			path = MGoBetter;
			sourceTree = "<group>";
		};
		98CC503D1F784E880038569B /* MGoBetterTests */ = {
			isa = PBXGroup;
			children = (
				98CC503E1F784E880038569B /* MGoBetterTests.swift */,
				98CC50401F784E880038569B /* Info.plist */,
			);
			path = MGoBetterTests;
			sourceTree = "<group>";
		};
		98CC50481F784E880038569B /* MGoBetterUITests */ = {
			isa = PBXGroup;
			children = (
				98CC50491F784E880038569B /* MGoBetterUITests.swift */,
				98CC504B1F784E880038569B /* Info.plist */,
			);
			path = MGoBetterUITests;
			sourceTree = "<group>";
		};
/* End PBXGroup section */

/* Begin PBXNativeTarget section */
		98CC50251F784E880038569B /* MGoBetter */ = {
			isa = PBXNativeTarget;
			buildConfigurationList = 98CC504E1F784E880038569B /* Build configuration list for PBXNativeTarget "MGoBetter" */;
			buildPhases = (
				98CC50221F784E880038569B /* Sources */,
				98CC50231F784E880038569B /* Frameworks */,
				98CC50241F784E880038569B /* Resources */,
			);
			buildRules = (
			);
			dependencies = (
			);
			name = MGoBetter;
			productName = MGoBetter;
			productReference = 98CC50261F784E880038569B /* MGoBetter.app */;
			productType = "com.apple.product-type.application";
		};
		98CC50391F784E880038569B /* MGoBetterTests */ = {
			isa = PBXNativeTarget;
			buildConfigurationList = 98CC50511F784E880038569B /* Build configuration list for PBXNativeTarget "MGoBetterTests" */;
			buildPhases = (
				98CC50361F784E880038569B /* Sources */,
				98CC50371F784E880038569B /* Frameworks */,
				98CC50381F784E880038569B /* Resources */,
			);
			buildRules = (
			);
			dependencies = (
				98CC503C1F784E880038569B /* PBXTargetDependency */,
			);
			name = MGoBetterTests;
			productName = MGoBetterTests;
			productReference = 98CC503A1F784E880038569B /* MGoBetterTests.xctest */;
			productType = "com.apple.product-type.bundle.unit-test";
		};
		98CC50441F784E880038569B /* MGoBetterUITests */ = {
			isa = PBXNativeTarget;
			buildConfigurationList = 98CC50541F784E880038569B /* Build configuration list for PBXNativeTarget "MGoBetterUITests" */;
			buildPhases = (
				98CC50411F784E880038569B /* Sources */,
				98CC50421F784E880038569B /* Frameworks */,
				98CC50431F784E880038569B /* Resources */,
			);
			buildRules = (
			);
			dependencies = (
				98CC50471F784E880038569B /* PBXTargetDependency */,
			);
			name = MGoBetterUITests;
			productName = MGoBetterUITests;
			productReference = 98CC50451F784E880038569B /* MGoBetterUITests.xctest */;
			productType = "com.apple.product-type.bundle.ui-testing";
		};
/* End PBXNativeTarget section */

/* Begin PBXProject section */
		98CC501E1F784E880038569B /* Project object */ = {
			isa = PBXProject;
			attributes = {
				LastSwiftUpdateCheck = 0830;
				LastUpgradeCheck = 0830;
				ORGANIZATIONNAME = "Samuel Han";
				TargetAttributes = {
					98CC50251F784E880038569B = {
						CreatedOnToolsVersion = 8.3.3;
						ProvisioningStyle = Automatic;
					};
					98CC50391F784E880038569B = {
						CreatedOnToolsVersion = 8.3.3;
						ProvisioningStyle = Automatic;
						TestTargetID = 98CC50251F784E880038569B;
					};
					98CC50441F784E880038569B = {
						CreatedOnToolsVersion = 8.3.3;
						ProvisioningStyle = Automatic;
						TestTargetID = 98CC50251F784E880038569B;
					};
				};
			};
			buildConfigurationList = 98CC50211F784E880038569B /* Build configuration list for PBXProject "MGoBetter" */;
			compatibilityVersion = "Xcode 3.2";
			developmentRegion = English;
			hasScannedForEncodings = 0;
			knownRegions = (
				en,
				Base,
			);
			mainGroup = 98CC501D1F784E880038569B;
			productRefGroup = 98CC50271F784E880038569B /* Products */;
			projectDirPath = "";
			projectRoot = "";
			targets = (
				98CC50251F784E880038569B /* MGoBetter */,
				98CC50391F784E880038569B /* MGoBetterTests */,
				98CC50441F784E880038569B /* MGoBetterUITests */,
			);
		};
/* End PBXProject section */

/* Begin PBXResourcesBuildPhase section */
		98CC50241F784E880038569B /* Resources */ = {
			isa = PBXResourcesBuildPhase;
			buildActionMask = 2147483647;
			files = (
				98CC50341F784E880038569B /* LaunchScreen.storyboard in Resources */,
				98CC50311F784E880038569B /* Assets.xcassets in Resources */,
				98CC502F1F784E880038569B /* Main.storyboard in Resources */,
			);
			runOnlyForDeploymentPostprocessing = 0;
		};
		98CC50381F784E880038569B /* Resources */ = {
			isa = PBXResourcesBuildPhase;
			buildActionMask = 2147483647;
			files = (
			);
			runOnlyForDeploymentPostprocessing = 0;
		};
		98CC50431F784E880038569B /* Resources */ = {
			isa = PBXResourcesBuildPhase;
			buildActionMask = 2147483647;
			files = (
			);
			runOnlyForDeploymentPostprocessing = 0;
		};
/* End PBXResourcesBuildPhase section */

/* Begin PBXSourcesBuildPhase section */
		98CC50221F784E880038569B /* Sources */ = {
			isa = PBXSourcesBuildPhase;
			buildActionMask = 2147483647;
			files = (
				98CC502C1F784E880038569B /* ViewController.swift in Sources */,
				98CC502A1F784E880038569B /* AppDelegate.swift in Sources */,
			);
			runOnlyForDeploymentPostprocessing = 0;
		};
		98CC50361F784E880038569B /* Sources */ = {
			isa = PBXSourcesBuildPhase;
			buildActionMask = 2147483647;
			files = (
				98CC503F1F784E880038569B /* MGoBetterTests.swift in Sources */,
			);
			runOnlyForDeploymentPostprocessing = 0;
		};
		98CC50411F784E880038569B /* Sources */ = {
			isa = PBXSourcesBuildPhase;
			buildActionMask = 2147483647;
			files = (
				98CC504A1F784E880038569B /* MGoBetterUITests.swift in Sources */,
			);
			runOnlyForDeploymentPostprocessing = 0;
		};
/* End PBXSourcesBuildPhase section */

/* Begin PBXTargetDependency section */
		98CC503C1F784E880038569B /* PBXTargetDependency */ = {
			isa = PBXTargetDependency;
			target = 98CC50251F784E880038569B /* MGoBetter */;
			targetProxy = 98CC503B1F784E880038569B /* PBXContainerItemProxy */;
		};
		98CC50471F784E880038569B /* PBXTargetDependency */ = {
			isa = PBXTargetDependency;
			target = 98CC50251F784E880038569B /* MGoBetter */;
			targetProxy = 98CC50461F784E880038569B /* PBXContainerItemProxy */;
		};
/* End PBXTargetDependency section */

/* Begin PBXVariantGroup section */
		98CC502D1F784E880038569B /* Main.storyboard */ = {
			isa = PBXVariantGroup;
			children = (
				98CC502E1F784E880038569B /* Base */,
			);
			name = Main.storyboard;
			sourceTree = "<group>";
		};
		98CC50321F784E880038569B /* LaunchScreen.storyboard */ = {
			isa = PBXVariantGroup;
			children = (
				98CC50331F784E880038569B /* Base */,
			);
			name = LaunchScreen.storyboard;
			sourceTree = "<group>";
		};
/* End PBXVariantGroup section */

/* Begin XCBuildConfiguration section */
		98CC504C1F784E880038569B /* Debug */ = {
			isa = XCBuildConfiguration;
			buildSettings = {
				ALWAYS_SEARCH_USER_PATHS = NO;
				CLANG_ANALYZER_NONNULL = YES;
				CLANG_ANALYZER_NUMBER_OBJECT_CONVERSION = YES_AGGRESSIVE;
				CLANG_CXX_LANGUAGE_STANDARD = "gnu++0x";
				CLANG_CXX_LIBRARY = "libc++";
				CLANG_ENABLE_MODULES = YES;
				CLANG_ENABLE_OBJC_ARC = YES;
				CLANG_WARN_BOOL_CONVERSION = YES;
				CLANG_WARN_CONSTANT_CONVERSION = YES;
				CLANG_WARN_DIRECT_OBJC_ISA_USAGE = YES_ERROR;
				CLANG_WARN_DOCUMENTATION_COMMENTS = YES;
				CLANG_WARN_EMPTY_BODY = YES;
				CLANG_WARN_ENUM_CONVERSION = YES;
				CLANG_WARN_INFINITE_RECURSION = YES;
				CLANG_WARN_INT_CONVERSION = YES;
				CLANG_WARN_OBJC_ROOT_CLASS = YES_ERROR;
				CLANG_WARN_SUSPICIOUS_MOVE = YES;
				CLANG_WARN_UNREACHABLE_CODE = YES;
				CLANG_WARN__DUPLICATE_METHOD_MATCH = YES;
				"CODE_SIGN_IDENTITY[sdk=iphoneos*]" = "iPhone Developer";
				COPY_PHASE_STRIP = NO;
				DEBUG_INFORMATION_FORMAT = dwarf;
				ENABLE_STRICT_OBJC_MSGSEND = YES;
				ENABLE_TESTABILITY = YES;
				GCC_C_LANGUAGE_STANDARD = gnu99;
				GCC_DYNAMIC_NO_PIC = NO;
				GCC_NO_COMMON_BLOCKS = YES;
				GCC_OPTIMIZATION_LEVEL = 0;
				GCC_PREPROCESSOR_DEFINITIONS = (
					"DEBUG=1",
					"$(inherited)",
				);
				GCC_WARN_64_TO_32_BIT_CONVERSION = YES;
				GCC_WARN_ABOUT_RETURN_TYPE = YES_ERROR;
				GCC_WARN_UNDECLARED_SELECTOR = YES;
				GCC_WARN_UNINITIALIZED_AUTOS = YES_AGGRESSIVE;
				GCC_WARN_UNUSED_FUNCTION = YES;
				GCC_WARN_UNUSED_VARIABLE = YES;
				IPHONEOS_DEPLOYMENT_TARGET = 10.3;
				MTL_ENABLE_DEBUG_INFO = YES;
				ONLY_ACTIVE_ARCH = YES;
				SDKROOT = iphoneos;
				SWIFT_ACTIVE_COMPILATION_CONDITIONS = DEBUG;
				SWIFT_OPTIMIZATION_LEVEL = "-Onone";
				TARGETED_DEVICE_FAMILY = "1,2";
			};
			name = Debug;
		};
		98CC504D1F784E880038569B /* Release */ = {
			isa = XCBuildConfiguration;
			buildSettings = {
				ALWAYS_SEARCH_USER_PATHS = NO;
				CLANG_ANALYZER_NONNULL = YES;
				CLANG_ANALYZER_NUMBER_OBJECT_CONVERSION = YES_AGGRESSIVE;
				CLANG_CXX_LANGUAGE_STANDARD = "gnu++0x";
				CLANG_CXX_LIBRARY = "libc++";
				CLANG_ENABLE_MODULES = YES;
				CLANG_ENABLE_OBJC_ARC = YES;
				CLANG_WARN_BOOL_CONVERSION = YES;
				CLANG_WARN_CONSTANT_CONVERSION = YES;
				CLANG_WARN_DIRECT_OBJC_ISA_USAGE = YES_ERROR;
				CLANG_WARN_DOCUMENTATION_COMMENTS = YES;
				CLANG_WARN_EMPTY_BODY = YES;
				CLANG_WARN_ENUM_CONVERSION = YES;
				CLANG_WARN_INFINITE_RECURSION = YES;
				CLANG_WARN_INT_CONVERSION = YES;
				CLANG_WARN_OBJC_ROOT_CLASS = YES_ERROR;
				CLANG_WARN_SUSPICIOUS_MOVE = YES;
				CLANG_WARN_UNREACHABLE_CODE = YES;
				CLANG_WARN__DUPLICATE_METHOD_MATCH = YES;
				"CODE_SIGN_IDENTITY[sdk=iphoneos*]" = "iPhone Developer";
				COPY_PHASE_STRIP = NO;
				DEBUG_INFORMATION_FORMAT = "dwarf-with-dsym";
				ENABLE_NS_ASSERTIONS = NO;
				ENABLE_STRICT_OBJC_MSGSEND = YES;
				GCC_C_LANGUAGE_STANDARD = gnu99;
				GCC_NO_COMMON_BLOCKS = YES;
				GCC_WARN_64_TO_32_BIT_CONVERSION = YES;
				GCC_WARN_ABOUT_RETURN_TYPE = YES_ERROR;
				GCC_WARN_UNDECLARED_SELECTOR = YES;
				GCC_WARN_UNINITIALIZED_AUTOS = YES_AGGRESSIVE;
				GCC_WARN_UNUSED_FUNCTION = YES;
				GCC_WARN_UNUSED_VARIABLE = YES;
				IPHONEOS_DEPLOYMENT_TARGET = 10.3;
				MTL_ENABLE_DEBUG_INFO = NO;
				SDKROOT = iphoneos;
				SWIFT_OPTIMIZATION_LEVEL = "-Owholemodule";
				TARGETED_DEVICE_FAMILY = "1,2";
				VALIDATE_PRODUCT = YES;
			};
			name = Release;
		};
		98CC504F1F784E880038569B /* Debug */ = {
			isa = XCBuildConfiguration;
			buildSettings = {
				ASSETCATALOG_COMPILER_APPICON_NAME = AppIcon;
				INFOPLIST_FILE = MGoBetter/Info.plist;
				LD_RUNPATH_SEARCH_PATHS = "$(inherited) @executable_path/Frameworks";
				PRODUCT_BUNDLE_IDENTIFIER = edu.umich.samthan.MGoBetter;
				PRODUCT_NAME = "$(TARGET_NAME)";
				SWIFT_VERSION = 3.0;
			};
			name = Debug;
		};
		98CC50501F784E880038569B /* Release */ = {
			isa = XCBuildConfiguration;
			buildSettings = {
				ASSETCATALOG_COMPILER_APPICON_NAME = AppIcon;
				INFOPLIST_FILE = MGoBetter/Info.plist;
				LD_RUNPATH_SEARCH_PATHS = "$(inherited) @executable_path/Frameworks";
				PRODUCT_BUNDLE_IDENTIFIER = edu.umich.samthan.MGoBetter;
				PRODUCT_NAME = "$(TARGET_NAME)";
				SWIFT_VERSION = 3.0;
			};
			name = Release;
		};
		98CC50521F784E880038569B /* Debug */ = {
			isa = XCBuildConfiguration;
			buildSettings = {
				ALWAYS_EMBED_SWIFT_STANDARD_LIBRARIES = YES;
				BUNDLE_LOADER = "$(TEST_HOST)";
				INFOPLIST_FILE = MGoBetterTests/Info.plist;
				LD_RUNPATH_SEARCH_PATHS = "$(inherited) @executable_path/Frameworks @loader_path/Frameworks";
				PRODUCT_BUNDLE_IDENTIFIER = edu.umich.samthan.MGoBetterTests;
				PRODUCT_NAME = "$(TARGET_NAME)";
				SWIFT_VERSION = 3.0;
				TEST_HOST = "$(BUILT_PRODUCTS_DIR)/MGoBetter.app/MGoBetter";
			};
			name = Debug;
		};
		98CC50531F784E880038569B /* Release */ = {
			isa = XCBuildConfiguration;
			buildSettings = {
				ALWAYS_EMBED_SWIFT_STANDARD_LIBRARIES = YES;
				BUNDLE_LOADER = "$(TEST_HOST)";
				INFOPLIST_FILE = MGoBetterTests/Info.plist;
				LD_RUNPATH_SEARCH_PATHS = "$(inherited) @executable_path/Frameworks @loader_path/Frameworks";
				PRODUCT_BUNDLE_IDENTIFIER = edu.umich.samthan.MGoBetterTests;
				PRODUCT_NAME = "$(TARGET_NAME)";
				SWIFT_VERSION = 3.0;
				TEST_HOST = "$(BUILT_PRODUCTS_DIR)/MGoBetter.app/MGoBetter";
			};
			name = Release;
		};
		98CC50551F784E880038569B /* Debug */ = {
			isa = XCBuildConfiguration;
			buildSettings = {
				ALWAYS_EMBED_SWIFT_STANDARD_LIBRARIES = YES;
				INFOPLIST_FILE = MGoBetterUITests/Info.plist;
				LD_RUNPATH_SEARCH_PATHS = "$(inherited) @executable_path/Frameworks @loader_path/Frameworks";
				PRODUCT_BUNDLE_IDENTIFIER = edu.umich.samthan.MGoBetterUITests;
				PRODUCT_NAME = "$(TARGET_NAME)";
				SWIFT_VERSION = 3.0;
				TEST_TARGET_NAME = MGoBetter;
			};
			name = Debug;
		};
		98CC50561F784E880038569B /* Release */ = {
			isa = XCBuildConfiguration;
			buildSettings = {
				ALWAYS_EMBED_SWIFT_STANDARD_LIBRARIES = YES;
				INFOPLIST_FILE = MGoBetterUITests/Info.plist;
				LD_RUNPATH_SEARCH_PATHS = "$(inherited) @executable_path/Frameworks @loader_path/Frameworks";
				PRODUCT_BUNDLE_IDENTIFIER = edu.umich.samthan.MGoBetterUITests;
				PRODUCT_NAME = "$(TARGET_NAME)";
				SWIFT_VERSION = 3.0;
				TEST_TARGET_NAME = MGoBetter;
			};
			name = Release;
		};
/* End XCBuildConfiguration section */

/* Begin XCConfigurationList section */
		98CC50211F784E880038569B /* Build configuration list for PBXProject "MGoBetter" */ = {
			isa = XCConfigurationList;
			buildConfigurations = (
				98CC504C1F784E880038569B /* Debug */,
				98CC504D1F784E880038569B /* Release */,
			);
			defaultConfigurationIsVisible = 0;
			defaultConfigurationName = Release;
		};
		98CC504E1F784E880038569B /* Build configuration list for PBXNativeTarget "MGoBetter" */ = {
			isa = XCConfigurationList;
			buildConfigurations = (
				98CC504F1F784E880038569B /* Debug */,
				98CC50501F784E880038569B /* Release */,
			);
			defaultConfigurationIsVisible = 0;
		};
		98CC50511F784E880038569B /* Build configuration list for PBXNativeTarget "MGoBetterTests" */ = {
			isa = XCConfigurationList;
			buildConfigurations = (
				98CC50521F784E880038569B /* Debug */,
				98CC50531F784E880038569B /* Release */,
			);
			defaultConfigurationIsVisible = 0;
		};
		98CC50541F784E880038569B /* Build configuration list for PBXNativeTarget "MGoBetterUITests" */ = {
			isa = XCConfigurationList;
			buildConfigurations = (
				98CC50551F784E880038569B /* Debug */,
				98CC50561F784E880038569B /* Release */,
			);
			defaultConfigurationIsVisible = 0;
		};
/* End XCConfigurationList section */
	};
	rootObject = 98CC501E1F784E880038569B /* Project object */;
}
